
Microsoft Visual Studio Solution File, Format Version 12.00
# Visual Studio Version 17
VisualStudioVersion = 17.1.32319.34
MinimumVisualStudioVersion = 10.0.40219.1
Project("{FAE04EC0-301F-11D3-BF4B-00C04F79EFBC}") = "TurretDeathNote", "TurretDeathNote\TurretDeathNote.csproj", "{804276AD-EBF6-48C5-A2BD-4A7449628170}"
EndProject
Global
	GlobalSection(SolutionConfigurationPlatforms) = preSolution
		Debug|Any CPU = Debug|Any CPU
		Release|Any CPU = Release|Any CPU
	EndGlobalSection
	GlobalSection(ProjectConfigurationPlatforms) = postSolution
		{804276AD-EBF6-48C5-A2BD-4A7449628170}.Debug|Any CPU.ActiveCfg = Debug|Any CPU
		{804276AD-EBF6-48C5-A2BD-4A7449628170}.Debug|Any CPU.Build.0 = Debug|Any CPU
		{804276AD-EBF6-48C5-A2BD-4A7449628170}.Release|Any CPU.ActiveCfg = Release|Any CPU
		{804276AD-EBF6-48C5-A2BD-4A7449628170}.Release|Any CPU.Build.0 = Release|Any CPU
	EndGlobalSection
	GlobalSection(SolutionProperties) = preSolution
		HideSolutionNode = FALSE
	EndGlobalSection
	GlobalSection(ExtensibilityGlobals) = postSolution
		SolutionGuid = {7AED4BA7-953F-4AB5-98F0-B204A7E1E618}
	EndGlobalSection
EndGlobal
